
Microsoft Visual Studio Solution File, Format Version 12.00
# Visual Studio 15
VisualStudioVersion = 15.0.26730.12
MinimumVisualStudioVersion = 10.0.40219.1
Project("{FAE04EC0-301F-11D3-BF4B-00C04F79EFBC}") = "ZooZ", "ZooZ\ZooZ.csproj", "{FB4D1B66-1445-4BE6-BE1E-5717B23DEF0C}"
EndProject
Global
	GlobalSection(SolutionConfigurationPlatforms) = preSolution
		Debug|Any CPU = Debug|Any CPU
		Release|Any CPU = Release|Any CPU
	EndGlobalSection
	GlobalSection(ProjectConfigurationPlatforms) = postSolution
		{FB4D1B66-1445-4BE6-BE1E-5717B23DEF0C}.Debug|Any CPU.ActiveCfg = Debug|Any CPU
		{FB4D1B66-1445-4BE6-BE1E-5717B23DEF0C}.Debug|Any CPU.Build.0 = Debug|Any CPU
		{FB4D1B66-1445-4BE6-BE1E-5717B23DEF0C}.Release|Any CPU.ActiveCfg = Release|Any CPU
		{FB4D1B66-1445-4BE6-BE1E-5717B23DEF0C}.Release|Any CPU.Build.0 = Release|Any CPU
	EndGlobalSection
	GlobalSection(SolutionProperties) = preSolution
		HideSolutionNode = FALSE
	EndGlobalSection
	GlobalSection(ExtensibilityGlobals) = postSolution
		SolutionGuid = {4CC80039-5395-4B51-B1E5-55CE10DB3AF3}
	EndGlobalSection
EndGlobal
